// !$*UTF8*$!
{
	archiveVersion = 1;
	classes = {
	};
	objectVersion = 56;
	objects = {

/* Begin PBXBuildFile section */
		FFA7BF5E29D18DD200EFB22A /* AppDelegate.swift in Sources */ = {isa = PBXBuildFile; fileRef = FFA7BF5D29D18DD200EFB22A /* AppDelegate.swift */; };
		FFA7BF6029D18DD200EFB22A /* SceneDelegate.swift in Sources */ = {isa = PBXBuildFile; fileRef = FFA7BF5F29D18DD200EFB22A /* SceneDelegate.swift */; };
		FFA7BF6229D18DD200EFB22A /* ViewController.swift in Sources */ = {isa = PBXBuildFile; fileRef = FFA7BF6129D18DD200EFB22A /* ViewController.swift */; };
		FFA7BF6529D18DD200EFB22A /* Main.storyboard in Resources */ = {isa = PBXBuildFile; fileRef = FFA7BF6329D18DD200EFB22A /* Main.storyboard */; };
		FFA7BF6729D18DD400EFB22A /* Assets.xcassets in Resources */ = {isa = PBXBuildFile; fileRef = FFA7BF6629D18DD400EFB22A /* Assets.xcassets */; };
		FFA7BF6A29D18DD400EFB22A /* LaunchScreen.storyboard in Resources */ = {isa = PBXBuildFile; fileRef = FFA7BF6829D18DD400EFB22A /* LaunchScreen.storyboard */; };
		FFA7BF7529D18DD400EFB22A /* new_appTests.swift in Sources */ = {isa = PBXBuildFile; fileRef = FFA7BF7429D18DD400EFB22A /* new_appTests.swift */; };
		FFA7BF7F29D18DD400EFB22A /* new_appUITests.swift in Sources */ = {isa = PBXBuildFile; fileRef = FFA7BF7E29D18DD400EFB22A /* new_appUITests.swift */; };
		FFA7BF8129D18DD400EFB22A /* new_appUITestsLaunchTests.swift in Sources */ = {isa = PBXBuildFile; fileRef = FFA7BF8029D18DD400EFB22A /* new_appUITestsLaunchTests.swift */; };
/* End PBXBuildFile section */

/* Begin PBXContainerItemProxy section */
		FFA7BF7129D18DD400EFB22A /* PBXContainerItemProxy */ = {
			isa = PBXContainerItemProxy;
			containerPortal = FFA7BF5229D18DD200EFB22A /* Project object */;
			proxyType = 1;
			remoteGlobalIDString = FFA7BF5929D18DD200EFB22A;
			remoteInfo = "new app";
		};
		FFA7BF7B29D18DD400EFB22A /* PBXContainerItemProxy */ = {
			isa = PBXContainerItemProxy;
			containerPortal = FFA7BF5229D18DD200EFB22A /* Project object */;
			proxyType = 1;
			remoteGlobalIDString = FFA7BF5929D18DD200EFB22A;
			remoteInfo = "new app";
		};
/* End PBXContainerItemProxy section */

/* Begin PBXFileReference section */
		FFA7BF5A29D18DD200EFB22A /* new app.app */ = {isa = PBXFileReference; explicitFileType = wrapper.application; includeInIndex = 0; path = "new app.app"; sourceTree = BUILT_PRODUCTS_DIR; };
		FFA7BF5D29D18DD200EFB22A /* AppDelegate.swift */ = {isa = PBXFileReference; lastKnownFileType = sourcecode.swift; path = AppDelegate.swift; sourceTree = "<group>"; };
		FFA7BF5F29D18DD200EFB22A /* SceneDelegate.swift */ = {isa = PBXFileReference; lastKnownFileType = sourcecode.swift; path = SceneDelegate.swift; sourceTree = "<group>"; };
		FFA7BF6129D18DD200EFB22A /* ViewController.swift */ = {isa = PBXFileReference; lastKnownFileType = sourcecode.swift; path = ViewController.swift; sourceTree = "<group>"; };
		FFA7BF6429D18DD200EFB22A /* Base */ = {isa = PBXFileReference; lastKnownFileType = file.storyboard; name = Base; path = Base.lproj/Main.storyboard; sourceTree = "<group>"; };
		FFA7BF6629D18DD400EFB22A /* Assets.xcassets */ = {isa = PBXFileReference; lastKnownFileType = folder.assetcatalog; path = Assets.xcassets; sourceTree = "<group>"; };
		FFA7BF6929D18DD400EFB22A /* Base */ = {isa = PBXFileReference; lastKnownFileType = file.storyboard; name = Base; path = Base.lproj/LaunchScreen.storyboard; sourceTree = "<group>"; };
		FFA7BF6B29D18DD400EFB22A /* Info.plist */ = {isa = PBXFileReference; lastKnownFileType = text.plist.xml; path = Info.plist; sourceTree = "<group>"; };
		FFA7BF7029D18DD400EFB22A /* new appTests.xctest */ = {isa = PBXFileReference; explicitFileType = wrapper.cfbundle; includeInIndex = 0; path = "new appTests.xctest"; sourceTree = BUILT_PRODUCTS_DIR; };
		FFA7BF7429D18DD400EFB22A /* new_appTests.swift */ = {isa = PBXFileReference; lastKnownFileType = sourcecode.swift; path = new_appTests.swift; sourceTree = "<group>"; };
		FFA7BF7A29D18DD400EFB22A /* new appUITests.xctest */ = {isa = PBXFileReference; explicitFileType = wrapper.cfbundle; includeInIndex = 0; path = "new appUITests.xctest"; sourceTree = BUILT_PRODUCTS_DIR; };
		FFA7BF7E29D18DD400EFB22A /* new_appUITests.swift */ = {isa = PBXFileReference; lastKnownFileType = sourcecode.swift; path = new_appUITests.swift; sourceTree = "<group>"; };
		FFA7BF8029D18DD400EFB22A /* new_appUITestsLaunchTests.swift */ = {isa = PBXFileReference; lastKnownFileType = sourcecode.swift; path = new_appUITestsLaunchTests.swift; sourceTree = "<group>"; };
/* End PBXFileReference section */

/* Begin PBXFrameworksBuildPhase section */
		FFA7BF5729D18DD200EFB22A /* Frameworks */ = {
			isa = PBXFrameworksBuildPhase;
			buildActionMask = 2147483647;
			files = (
			);
			runOnlyForDeploymentPostprocessing = 0;
		};
		FFA7BF6D29D18DD400EFB22A /* Frameworks */ = {
			isa = PBXFrameworksBuildPhase;
			buildActionMask = 2147483647;
			files = (
			);
			runOnlyForDeploymentPostprocessing = 0;
		};
		FFA7BF7729D18DD400EFB22A /* Frameworks */ = {
			isa = PBXFrameworksBuildPhase;
			buildActionMask = 2147483647;
			files = (
			);
			runOnlyForDeploymentPostprocessing = 0;
		};
/* End PBXFrameworksBuildPhase section */

/* Begin PBXGroup section */
		FFA7BF5129D18DD200EFB22A = {
			isa = PBXGroup;
			children = (
				FFA7BF5C29D18DD200EFB22A /* new app */,
				FFA7BF7329D18DD400EFB22A /* new appTests */,
				FFA7BF7D29D18DD400EFB22A /* new appUITests */,
				FFA7BF5B29D18DD200EFB22A /* Products */,
			);
			sourceTree = "<group>";
		};
		FFA7BF5B29D18DD200EFB22A /* Products */ = {
			isa = PBXGroup;
			children = (
				FFA7BF5A29D18DD200EFB22A /* new app.app */,
				FFA7BF7029D18DD400EFB22A /* new appTests.xctest */,
				FFA7BF7A29D18DD400EFB22A /* new appUITests.xctest */,
			);
			name = Products;
			sourceTree = "<group>";
		};
		FFA7BF5C29D18DD200EFB22A /* new app */ = {
			isa = PBXGroup;
			children = (
				FFA7BF5D29D18DD200EFB22A /* AppDelegate.swift */,
				FFA7BF5F29D18DD200EFB22A /* SceneDelegate.swift */,
				FFA7BF6129D18DD200EFB22A /* ViewController.swift */,
				FFA7BF6329D18DD200EFB22A /* Main.storyboard */,
				FFA7BF6629D18DD400EFB22A /* Assets.xcassets */,
				FFA7BF6829D18DD400EFB22A /* LaunchScreen.storyboard */,
				FFA7BF6B29D18DD400EFB22A /* Info.plist */,
			);
			path = "new app";
			sourceTree = "<group>";
		};
		FFA7BF7329D18DD400EFB22A /* new appTests */ = {
			isa = PBXGroup;
			children = (
				FFA7BF7429D18DD400EFB22A /* new_appTests.swift */,
			);
			path = "new appTests";
			sourceTree = "<group>";
		};
		FFA7BF7D29D18DD400EFB22A /* new appUITests */ = {
			isa = PBXGroup;
			children = (
				FFA7BF7E29D18DD400EFB22A /* new_appUITests.swift */,
				FFA7BF8029D18DD400EFB22A /* new_appUITestsLaunchTests.swift */,
			);
			path = "new appUITests";
			sourceTree = "<group>";
		};
/* End PBXGroup section */

/* Begin PBXNativeTarget section */
		FFA7BF5929D18DD200EFB22A /* new app */ = {
			isa = PBXNativeTarget;
			buildConfigurationList = FFA7BF8429D18DD400EFB22A /* Build configuration list for PBXNativeTarget "new app" */;
			buildPhases = (
				FFA7BF5629D18DD200EFB22A /* Sources */,
				FFA7BF5729D18DD200EFB22A /* Frameworks */,
				FFA7BF5829D18DD200EFB22A /* Resources */,
			);
			buildRules = (
			);
			dependencies = (
			);
			name = "new app";
			productName = "new app";
			productReference = FFA7BF5A29D18DD200EFB22A /* new app.app */;
			productType = "com.apple.product-type.application";
		};
		FFA7BF6F29D18DD400EFB22A /* new appTests */ = {
			isa = PBXNativeTarget;
			buildConfigurationList = FFA7BF8729D18DD400EFB22A /* Build configuration list for PBXNativeTarget "new appTests" */;
			buildPhases = (
				FFA7BF6C29D18DD400EFB22A /* Sources */,
				FFA7BF6D29D18DD400EFB22A /* Frameworks */,
				FFA7BF6E29D18DD400EFB22A /* Resources */,
			);
			buildRules = (
			);
			dependencies = (
				FFA7BF7229D18DD400EFB22A /* PBXTargetDependency */,
			);
			name = "new appTests";
			productName = "new appTests";
			productReference = FFA7BF7029D18DD400EFB22A /* new appTests.xctest */;
			productType = "com.apple.product-type.bundle.unit-test";
		};
		FFA7BF7929D18DD400EFB22A /* new appUITests */ = {
			isa = PBXNativeTarget;
			buildConfigurationList = FFA7BF8A29D18DD400EFB22A /* Build configuration list for PBXNativeTarget "new appUITests" */;
			buildPhases = (
				FFA7BF7629D18DD400EFB22A /* Sources */,
				FFA7BF7729D18DD400EFB22A /* Frameworks */,
				FFA7BF7829D18DD400EFB22A /* Resources */,
			);
			buildRules = (
			);
			dependencies = (
				FFA7BF7C29D18DD400EFB22A /* PBXTargetDependency */,
			);
			name = "new appUITests";
			productName = "new appUITests";
			productReference = FFA7BF7A29D18DD400EFB22A /* new appUITests.xctest */;
			productType = "com.apple.product-type.bundle.ui-testing";
		};
/* End PBXNativeTarget section */

/* Begin PBXProject section */
		FFA7BF5229D18DD200EFB22A /* Project object */ = {
			isa = PBXProject;
			attributes = {
				BuildIndependentTargetsInParallel = 1;
				LastSwiftUpdateCheck = 1420;
				LastUpgradeCheck = 1420;
				TargetAttributes = {
					FFA7BF5929D18DD200EFB22A = {
						CreatedOnToolsVersion = 14.2;
					};
					FFA7BF6F29D18DD400EFB22A = {
						CreatedOnToolsVersion = 14.2;
						TestTargetID = FFA7BF5929D18DD200EFB22A;
					};
					FFA7BF7929D18DD400EFB22A = {
						CreatedOnToolsVersion = 14.2;
						TestTargetID = FFA7BF5929D18DD200EFB22A;
					};
				};
			};
			buildConfigurationList = FFA7BF5529D18DD200EFB22A /* Build configuration list for PBXProject "new app" */;
			compatibilityVersion = "Xcode 14.0";
			developmentRegion = en;
			hasScannedForEncodings = 0;
			knownRegions = (
				en,
				Base,
			);
			mainGroup = FFA7BF5129D18DD200EFB22A;
			productRefGroup = FFA7BF5B29D18DD200EFB22A /* Products */;
			projectDirPath = "";
			projectRoot = "";
			targets = (
				FFA7BF5929D18DD200EFB22A /* new app */,
				FFA7BF6F29D18DD400EFB22A /* new appTests */,
				FFA7BF7929D18DD400EFB22A /* new appUITests */,
			);
		};
/* End PBXProject section */

/* Begin PBXResourcesBuildPhase section */
		FFA7BF5829D18DD200EFB22A /* Resources */ = {
			isa = PBXResourcesBuildPhase;
			buildActionMask = 2147483647;
			files = (
				FFA7BF6A29D18DD400EFB22A /* LaunchScreen.storyboard in Resources */,
				FFA7BF6729D18DD400EFB22A /* Assets.xcassets in Resources */,
				FFA7BF6529D18DD200EFB22A /* Main.storyboard in Resources */,
			);
			runOnlyForDeploymentPostprocessing = 0;
		};
		FFA7BF6E29D18DD400EFB22A /* Resources */ = {
			isa = PBXResourcesBuildPhase;
			buildActionMask = 2147483647;
			files = (
			);
			runOnlyForDeploymentPostprocessing = 0;
		};
		FFA7BF7829D18DD400EFB22A /* Resources */ = {
			isa = PBXResourcesBuildPhase;
			buildActionMask = 2147483647;
			files = (
			);
			runOnlyForDeploymentPostprocessing = 0;
		};
/* End PBXResourcesBuildPhase section */

/* Begin PBXSourcesBuildPhase section */
		FFA7BF5629D18DD200EFB22A /* Sources */ = {
			isa = PBXSourcesBuildPhase;
			buildActionMask = 2147483647;
			files = (
				FFA7BF6229D18DD200EFB22A /* ViewController.swift in Sources */,
				FFA7BF5E29D18DD200EFB22A /* AppDelegate.swift in Sources */,
				FFA7BF6029D18DD200EFB22A /* SceneDelegate.swift in Sources */,
			);
			runOnlyForDeploymentPostprocessing = 0;
		};
		FFA7BF6C29D18DD400EFB22A /* Sources */ = {
			isa = PBXSourcesBuildPhase;
			buildActionMask = 2147483647;
			files = (
				FFA7BF7529D18DD400EFB22A /* new_appTests.swift in Sources */,
			);
			runOnlyForDeploymentPostprocessing = 0;
		};
		FFA7BF7629D18DD400EFB22A /* Sources */ = {
			isa = PBXSourcesBuildPhase;
			buildActionMask = 2147483647;
			files = (
				FFA7BF7F29D18DD400EFB22A /* new_appUITests.swift in Sources */,
				FFA7BF8129D18DD400EFB22A /* new_appUITestsLaunchTests.swift in Sources */,
			);
			runOnlyForDeploymentPostprocessing = 0;
		};
/* End PBXSourcesBuildPhase section */

/* Begin PBXTargetDependency section */
		FFA7BF7229D18DD400EFB22A /* PBXTargetDependency */ = {
			isa = PBXTargetDependency;
			target = FFA7BF5929D18DD200EFB22A /* new app */;
			targetProxy = FFA7BF7129D18DD400EFB22A /* PBXContainerItemProxy */;
		};
		FFA7BF7C29D18DD400EFB22A /* PBXTargetDependency */ = {
			isa = PBXTargetDependency;
			target = FFA7BF5929D18DD200EFB22A /* new app */;
			targetProxy = FFA7BF7B29D18DD400EFB22A /* PBXContainerItemProxy */;
		};
/* End PBXTargetDependency section */

/* Begin PBXVariantGroup section */
		FFA7BF6329D18DD200EFB22A /* Main.storyboard */ = {
			isa = PBXVariantGroup;
			children = (
				FFA7BF6429D18DD200EFB22A /* Base */,
			);
			name = Main.storyboard;
			sourceTree = "<group>";
		};
		FFA7BF6829D18DD400EFB22A /* LaunchScreen.storyboard */ = {
			isa = PBXVariantGroup;
			children = (
				FFA7BF6929D18DD400EFB22A /* Base */,
			);
			name = LaunchScreen.storyboard;
			sourceTree = "<group>";
		};
/* End PBXVariantGroup section */

/* Begin XCBuildConfiguration section */
		FFA7BF8229D18DD400EFB22A /* Debug */ = {
			isa = XCBuildConfiguration;
			buildSettings = {
				ALWAYS_SEARCH_USER_PATHS = NO;
				CLANG_ANALYZER_NONNULL = YES;
				CLANG_ANALYZER_NUMBER_OBJECT_CONVERSION = YES_AGGRESSIVE;
				CLANG_CXX_LANGUAGE_STANDARD = "gnu++20";
				CLANG_ENABLE_MODULES = YES;
				CLANG_ENABLE_OBJC_ARC = YES;
				CLANG_ENABLE_OBJC_WEAK = YES;
				CLANG_WARN_BLOCK_CAPTURE_AUTORELEASING = YES;
				CLANG_WARN_BOOL_CONVERSION = YES;
				CLANG_WARN_COMMA = YES;
				CLANG_WARN_CONSTANT_CONVERSION = YES;
				CLANG_WARN_DEPRECATED_OBJC_IMPLEMENTATIONS = YES;
				CLANG_WARN_DIRECT_OBJC_ISA_USAGE = YES_ERROR;
				CLANG_WARN_DOCUMENTATION_COMMENTS = YES;
				CLANG_WARN_EMPTY_BODY = YES;
				CLANG_WARN_ENUM_CONVERSION = YES;
				CLANG_WARN_INFINITE_RECURSION = YES;
				CLANG_WARN_INT_CONVERSION = YES;
				CLANG_WARN_NON_LITERAL_NULL_CONVERSION = YES;
				CLANG_WARN_OBJC_IMPLICIT_RETAIN_SELF = YES;
				CLANG_WARN_OBJC_LITERAL_CONVERSION = YES;
				CLANG_WARN_OBJC_ROOT_CLASS = YES_ERROR;
				CLANG_WARN_QUOTED_INCLUDE_IN_FRAMEWORK_HEADER = YES;
				CLANG_WARN_RANGE_LOOP_ANALYSIS = YES;
				CLANG_WARN_STRICT_PROTOTYPES = YES;
				CLANG_WARN_SUSPICIOUS_MOVE = YES;
				CLANG_WARN_UNGUARDED_AVAILABILITY = YES_AGGRESSIVE;
				CLANG_WARN_UNREACHABLE_CODE = YES;
				CLANG_WARN__DUPLICATE_METHOD_MATCH = YES;
				COPY_PHASE_STRIP = NO;
				DEBUG_INFORMATION_FORMAT = dwarf;
				ENABLE_STRICT_OBJC_MSGSEND = YES;
				ENABLE_TESTABILITY = YES;
				GCC_C_LANGUAGE_STANDARD = gnu11;
				GCC_DYNAMIC_NO_PIC = NO;
				GCC_NO_COMMON_BLOCKS = YES;
				GCC_OPTIMIZATION_LEVEL = 0;
				GCC_PREPROCESSOR_DEFINITIONS = (
					"DEBUG=1",
					"$(inherited)",
				);
				GCC_WARN_64_TO_32_BIT_CONVERSION = YES;
				GCC_WARN_ABOUT_RETURN_TYPE = YES_ERROR;
				GCC_WARN_UNDECLARED_SELECTOR = YES;
				GCC_WARN_UNINITIALIZED_AUTOS = YES_AGGRESSIVE;
				GCC_WARN_UNUSED_FUNCTION = YES;
				GCC_WARN_UNUSED_VARIABLE = YES;
				IPHONEOS_DEPLOYMENT_TARGET = 16.2;
				MTL_ENABLE_DEBUG_INFO = INCLUDE_SOURCE;
				MTL_FAST_MATH = YES;
				ONLY_ACTIVE_ARCH = YES;
				SDKROOT = iphoneos;
				SWIFT_ACTIVE_COMPILATION_CONDITIONS = DEBUG;
				SWIFT_OPTIMIZATION_LEVEL = "-Onone";
			};
			name = Debug;
		};
		FFA7BF8329D18DD400EFB22A /* Release */ = {
			isa = XCBuildConfiguration;
			buildSettings = {
				ALWAYS_SEARCH_USER_PATHS = NO;
				CLANG_ANALYZER_NONNULL = YES;
				CLANG_ANALYZER_NUMBER_OBJECT_CONVERSION = YES_AGGRESSIVE;
				CLANG_CXX_LANGUAGE_STANDARD = "gnu++20";
				CLANG_ENABLE_MODULES = YES;
				CLANG_ENABLE_OBJC_ARC = YES;
				CLANG_ENABLE_OBJC_WEAK = YES;
				CLANG_WARN_BLOCK_CAPTURE_AUTORELEASING = YES;
				CLANG_WARN_BOOL_CONVERSION = YES;
				CLANG_WARN_COMMA = YES;
				CLANG_WARN_CONSTANT_CONVERSION = YES;
				CLANG_WARN_DEPRECATED_OBJC_IMPLEMENTATIONS = YES;
				CLANG_WARN_DIRECT_OBJC_ISA_USAGE = YES_ERROR;
				CLANG_WARN_DOCUMENTATION_COMMENTS = YES;
				CLANG_WARN_EMPTY_BODY = YES;
				CLANG_WARN_ENUM_CONVERSION = YES;
				CLANG_WARN_INFINITE_RECURSION = YES;
				CLANG_WARN_INT_CONVERSION = YES;
				CLANG_WARN_NON_LITERAL_NULL_CONVERSION = YES;
				CLANG_WARN_OBJC_IMPLICIT_RETAIN_SELF = YES;
				CLANG_WARN_OBJC_LITERAL_CONVERSION = YES;
				CLANG_WARN_OBJC_ROOT_CLASS = YES_ERROR;
				CLANG_WARN_QUOTED_INCLUDE_IN_FRAMEWORK_HEADER = YES;
				CLANG_WARN_RANGE_LOOP_ANALYSIS = YES;
				CLANG_WARN_STRICT_PROTOTYPES = YES;
				CLANG_WARN_SUSPICIOUS_MOVE = YES;
				CLANG_WARN_UNGUARDED_AVAILABILITY = YES_AGGRESSIVE;
				CLANG_WARN_UNREACHABLE_CODE = YES;
				CLANG_WARN__DUPLICATE_METHOD_MATCH = YES;
				COPY_PHASE_STRIP = NO;
				DEBUG_INFORMATION_FORMAT = "dwarf-with-dsym";
				ENABLE_NS_ASSERTIONS = NO;
				ENABLE_STRICT_OBJC_MSGSEND = YES;
				GCC_C_LANGUAGE_STANDARD = gnu11;
				GCC_NO_COMMON_BLOCKS = YES;
				GCC_WARN_64_TO_32_BIT_CONVERSION = YES;
				GCC_WARN_ABOUT_RETURN_TYPE = YES_ERROR;
				GCC_WARN_UNDECLARED_SELECTOR = YES;
				GCC_WARN_UNINITIALIZED_AUTOS = YES_AGGRESSIVE;
				GCC_WARN_UNUSED_FUNCTION = YES;
				GCC_WARN_UNUSED_VARIABLE = YES;
				IPHONEOS_DEPLOYMENT_TARGET = 16.2;
				MTL_ENABLE_DEBUG_INFO = NO;
				MTL_FAST_MATH = YES;
				SDKROOT = iphoneos;
				SWIFT_COMPILATION_MODE = wholemodule;
				SWIFT_OPTIMIZATION_LEVEL = "-O";
				VALIDATE_PRODUCT = YES;
			};
			name = Release;
		};
		FFA7BF8529D18DD400EFB22A /* Debug */ = {
			isa = XCBuildConfiguration;
			buildSettings = {
				ASSETCATALOG_COMPILER_APPICON_NAME = AppIcon;
				ASSETCATALOG_COMPILER_GLOBAL_ACCENT_COLOR_NAME = AccentColor;
				CODE_SIGN_STYLE = Automatic;
				CURRENT_PROJECT_VERSION = 1;
				DEVELOPMENT_TEAM = DQWW3GN6Q3;
				GENERATE_INFOPLIST_FILE = YES;
				INFOPLIST_FILE = "new app/Info.plist";
				INFOPLIST_KEY_UIApplicationSupportsIndirectInputEvents = YES;
				INFOPLIST_KEY_UILaunchStoryboardName = LaunchScreen;
				INFOPLIST_KEY_UIMainStoryboardFile = Main;
				INFOPLIST_KEY_UISupportedInterfaceOrientations_iPad = "UIInterfaceOrientationPortrait UIInterfaceOrientationPortraitUpsideDown UIInterfaceOrientationLandscapeLeft UIInterfaceOrientationLandscapeRight";
				INFOPLIST_KEY_UISupportedInterfaceOrientations_iPhone = "UIInterfaceOrientationPortrait UIInterfaceOrientationLandscapeLeft UIInterfaceOrientationLandscapeRight";
				LD_RUNPATH_SEARCH_PATHS = (
					"$(inherited)",
					"@executable_path/Frameworks",
				);
				MARKETING_VERSION = 1.0;
				PRODUCT_BUNDLE_IDENTIFIER = "star-gazer.new-app";
				PRODUCT_NAME = "$(TARGET_NAME)";
				SWIFT_EMIT_LOC_STRINGS = YES;
				SWIFT_VERSION = 5.0;
				TARGETED_DEVICE_FAMILY = "1,2";
			};
			name = Debug;
		};
		FFA7BF8629D18DD400EFB22A /* Release */ = {
			isa = XCBuildConfiguration;
			buildSettings = {
				ASSETCATALOG_COMPILER_APPICON_NAME = AppIcon;
				ASSETCATALOG_COMPILER_GLOBAL_ACCENT_COLOR_NAME = AccentColor;
				CODE_SIGN_STYLE = Automatic;
				CURRENT_PROJECT_VERSION = 1;
				DEVELOPMENT_TEAM = DQWW3GN6Q3;
				GENERATE_INFOPLIST_FILE = YES;
				INFOPLIST_FILE = "new app/Info.plist";
				INFOPLIST_KEY_UIApplicationSupportsIndirectInputEvents = YES;
				INFOPLIST_KEY_UILaunchStoryboardName = LaunchScreen;
				INFOPLIST_KEY_UIMainStoryboardFile = Main;
				INFOPLIST_KEY_UISupportedInterfaceOrientations_iPad = "UIInterfaceOrientationPortrait UIInterfaceOrientationPortraitUpsideDown UIInterfaceOrientationLandscapeLeft UIInterfaceOrientationLandscapeRight";
				INFOPLIST_KEY_UISupportedInterfaceOrientations_iPhone = "UIInterfaceOrientationPortrait UIInterfaceOrientationLandscapeLeft UIInterfaceOrientationLandscapeRight";
				LD_RUNPATH_SEARCH_PATHS = (
					"$(inherited)",
					"@executable_path/Frameworks",
				);
				MARKETING_VERSION = 1.0;
				PRODUCT_BUNDLE_IDENTIFIER = "star-gazer.new-app";
				PRODUCT_NAME = "$(TARGET_NAME)";
				SWIFT_EMIT_LOC_STRINGS = YES;
				SWIFT_VERSION = 5.0;
				TARGETED_DEVICE_FAMILY = "1,2";
			};
			name = Release;
		};
		FFA7BF8829D18DD400EFB22A /* Debug */ = {
			isa = XCBuildConfiguration;
			buildSettings = {
				ALWAYS_EMBED_SWIFT_STANDARD_LIBRARIES = YES;
				BUNDLE_LOADER = "$(TEST_HOST)";
				CODE_SIGN_STYLE = Automatic;
				CURRENT_PROJECT_VERSION = 1;
				DEVELOPMENT_TEAM = DQWW3GN6Q3;
				GENERATE_INFOPLIST_FILE = YES;
				IPHONEOS_DEPLOYMENT_TARGET = 16.2;
				MARKETING_VERSION = 1.0;
				PRODUCT_BUNDLE_IDENTIFIER = "star-gazer.new-appTests";
				PRODUCT_NAME = "$(TARGET_NAME)";
				SWIFT_EMIT_LOC_STRINGS = NO;
				SWIFT_VERSION = 5.0;
				TARGETED_DEVICE_FAMILY = "1,2";
				TEST_HOST = "$(BUILT_PRODUCTS_DIR)/new app.app/$(BUNDLE_EXECUTABLE_FOLDER_PATH)/new app";
			};
			name = Debug;
		};
		FFA7BF8929D18DD400EFB22A /* Release */ = {
			isa = XCBuildConfiguration;
			buildSettings = {
				ALWAYS_EMBED_SWIFT_STANDARD_LIBRARIES = YES;
				BUNDLE_LOADER = "$(TEST_HOST)";
				CODE_SIGN_STYLE = Automatic;
				CURRENT_PROJECT_VERSION = 1;
				DEVELOPMENT_TEAM = DQWW3GN6Q3;
				GENERATE_INFOPLIST_FILE = YES;
				IPHONEOS_DEPLOYMENT_TARGET = 16.2;
				MARKETING_VERSION = 1.0;
				PRODUCT_BUNDLE_IDENTIFIER = "star-gazer.new-appTests";
				PRODUCT_NAME = "$(TARGET_NAME)";
				SWIFT_EMIT_LOC_STRINGS = NO;
				SWIFT_VERSION = 5.0;
				TARGETED_DEVICE_FAMILY = "1,2";
				TEST_HOST = "$(BUILT_PRODUCTS_DIR)/new app.app/$(BUNDLE_EXECUTABLE_FOLDER_PATH)/new app";
			};
			name = Release;
		};
		FFA7BF8B29D18DD400EFB22A /* Debug */ = {
			isa = XCBuildConfiguration;
			buildSettings = {
				ALWAYS_EMBED_SWIFT_STANDARD_LIBRARIES = YES;
				CODE_SIGN_STYLE = Automatic;
				CURRENT_PROJECT_VERSION = 1;
				DEVELOPMENT_TEAM = DQWW3GN6Q3;
				GENERATE_INFOPLIST_FILE = YES;
				MARKETING_VERSION = 1.0;
				PRODUCT_BUNDLE_IDENTIFIER = "star-gazer.new-appUITests";
				PRODUCT_NAME = "$(TARGET_NAME)";
				SWIFT_EMIT_LOC_STRINGS = NO;
				SWIFT_VERSION = 5.0;
				TARGETED_DEVICE_FAMILY = "1,2";
				TEST_TARGET_NAME = "new app";
			};
			name = Debug;
		};
		FFA7BF8C29D18DD400EFB22A /* Release */ = {
			isa = XCBuildConfiguration;
			buildSettings = {
				ALWAYS_EMBED_SWIFT_STANDARD_LIBRARIES = YES;
				CODE_SIGN_STYLE = Automatic;
				CURRENT_PROJECT_VERSION = 1;
				DEVELOPMENT_TEAM = DQWW3GN6Q3;
				GENERATE_INFOPLIST_FILE = YES;
				MARKETING_VERSION = 1.0;
				PRODUCT_BUNDLE_IDENTIFIER = "star-gazer.new-appUITests";
				PRODUCT_NAME = "$(TARGET_NAME)";
				SWIFT_EMIT_LOC_STRINGS = NO;
				SWIFT_VERSION = 5.0;
				TARGETED_DEVICE_FAMILY = "1,2";
				TEST_TARGET_NAME = "new app";
			};
			name = Release;
		};
/* End XCBuildConfiguration section */

/* Begin XCConfigurationList section */
		FFA7BF5529D18DD200EFB22A /* Build configuration list for PBXProject "new app" */ = {
			isa = XCConfigurationList;
			buildConfigurations = (
				FFA7BF8229D18DD400EFB22A /* Debug */,
				FFA7BF8329D18DD400EFB22A /* Release */,
			);
			defaultConfigurationIsVisible = 0;
			defaultConfigurationName = Release;
		};
		FFA7BF8429D18DD400EFB22A /* Build configuration list for PBXNativeTarget "new app" */ = {
			isa = XCConfigurationList;
			buildConfigurations = (
				FFA7BF8529D18DD400EFB22A /* Debug */,
				FFA7BF8629D18DD400EFB22A /* Release */,
			);
			defaultConfigurationIsVisible = 0;
			defaultConfigurationName = Release;
		};
		FFA7BF8729D18DD400EFB22A /* Build configuration list for PBXNativeTarget "new appTests" */ = {
			isa = XCConfigurationList;
			buildConfigurations = (
				FFA7BF8829D18DD400EFB22A /* Debug */,
				FFA7BF8929D18DD400EFB22A /* Release */,
			);
			defaultConfigurationIsVisible = 0;
			defaultConfigurationName = Release;
		};
		FFA7BF8A29D18DD400EFB22A /* Build configuration list for PBXNativeTarget "new appUITests" */ = {
			isa = XCConfigurationList;
			buildConfigurations = (
				FFA7BF8B29D18DD400EFB22A /* Debug */,
				FFA7BF8C29D18DD400EFB22A /* Release */,
			);
			defaultConfigurationIsVisible = 0;
			defaultConfigurationName = Release;
		};
/* End XCConfigurationList section */
	};
	rootObject = FFA7BF5229D18DD200EFB22A /* Project object */;
}
